
Microsoft Visual Studio Solution File, Format Version 12.00
# Visual Studio Version 17
VisualStudioVersion = 17.0.32112.339
MinimumVisualStudioVersion = 10.0.40219.1
Project("{FAE04EC0-301F-11D3-BF4B-00C04F79EFBC}") = "Employee Wage", "Employee Wage\Employee Wage.csproj", "{ED3E6528-A10C-48AD-8F5F-11BBD0A38970}"
EndProject
Global
	GlobalSection(SolutionConfigurationPlatforms) = preSolution
		Debug|Any CPU = Debug|Any CPU
		Release|Any CPU = Release|Any CPU
	EndGlobalSection
	GlobalSection(ProjectConfigurationPlatforms) = postSolution
		{ED3E6528-A10C-48AD-8F5F-11BBD0A38970}.Debug|Any CPU.ActiveCfg = Debug|Any CPU
		{ED3E6528-A10C-48AD-8F5F-11BBD0A38970}.Debug|Any CPU.Build.0 = Debug|Any CPU
		{ED3E6528-A10C-48AD-8F5F-11BBD0A38970}.Release|Any CPU.ActiveCfg = Release|Any CPU
		{ED3E6528-A10C-48AD-8F5F-11BBD0A38970}.Release|Any CPU.Build.0 = Release|Any CPU
	EndGlobalSection
	GlobalSection(SolutionProperties) = preSolution
		HideSolutionNode = FALSE
	EndGlobalSection
	GlobalSection(ExtensibilityGlobals) = postSolution
		SolutionGuid = {B4A96027-451A-49AE-9FBC-A88CBAD903E8}
	EndGlobalSection
EndGlobal
